// !$*UTF8*$!
{
	archiveVersion = 1;
	classes = {
	};
	objectVersion = 56;
	objects = {

/* Begin PBXBuildFile section */
		93A1B5232D22697400543F89 /* YaneuraOuiOSSPM in Frameworks */ = {isa = PBXBuildFile; productRef = 93A1B5222D22697400543F89 /* YaneuraOuiOSSPM */; };
		93A1B5252D2269C300543F89 /* EngineCommunicator.swift in Sources */ = {isa = PBXBuildFile; fileRef = 93A1B5242D2269BD00543F89 /* EngineCommunicator.swift */; };
		93A1B5282D226E2000543F89 /* YaneuraOuiOSSPM in Frameworks */ = {isa = PBXBuildFile; productRef = 93A1B5272D226E2000543F89 /* YaneuraOuiOSSPM */; };
		93A1B52E2D22738C00543F89 /* YaneuraOuiOSSPM in Frameworks */ = {isa = PBXBuildFile; productRef = 93A1B52D2D22738C00543F89 /* YaneuraOuiOSSPM */; };
		93A1B5312D22743B00543F89 /* YaneuraOuiOSSPM in Frameworks */ = {isa = PBXBuildFile; productRef = 93A1B5302D22743B00543F89 /* YaneuraOuiOSSPM */; };
		93A1B5332D227D9C00543F89 /* nn.bin in Resources */ = {isa = PBXBuildFile; fileRef = 93A1B5322D227D9C00543F89 /* nn.bin */; };
		93A1B5362D22834C00543F89 /* YaneuraOuiOSSPM in Frameworks */ = {isa = PBXBuildFile; productRef = 93A1B5352D22834C00543F89 /* YaneuraOuiOSSPM */; };
		AA7F642A28F164C200683286 /* YaneuraOuiOSApp.swift in Sources */ = {isa = PBXBuildFile; fileRef = AA7F642928F164C200683286 /* YaneuraOuiOSApp.swift */; };
		AA7F642C28F164C200683286 /* ContentView.swift in Sources */ = {isa = PBXBuildFile; fileRef = AA7F642B28F164C200683286 /* ContentView.swift */; };
		AA7F642E28F164C700683286 /* Assets.xcassets in Resources */ = {isa = PBXBuildFile; fileRef = AA7F642D28F164C700683286 /* Assets.xcassets */; };
		AA7F643128F164C700683286 /* Preview Assets.xcassets in Resources */ = {isa = PBXBuildFile; fileRef = AA7F643028F164C700683286 /* Preview Assets.xcassets */; };
		AA7F643C28F16EE100683286 /* libc++.tbd in Frameworks */ = {isa = PBXBuildFile; fileRef = AA7F643B28F16EE100683286 /* libc++.tbd */; };
/* End PBXBuildFile section */

/* Begin PBXFileReference section */
		93A1B5242D2269BD00543F89 /* EngineCommunicator.swift */ = {isa = PBXFileReference; lastKnownFileType = sourcecode.swift; path = EngineCommunicator.swift; sourceTree = "<group>"; };
		93A1B5322D227D9C00543F89 /* nn.bin */ = {isa = PBXFileReference; lastKnownFileType = archive.macbinary; path = nn.bin; sourceTree = "<group>"; };
		AA7F642628F164C200683286 /* YaneuraOuiOS.app */ = {isa = PBXFileReference; explicitFileType = wrapper.application; includeInIndex = 0; path = YaneuraOuiOS.app; sourceTree = BUILT_PRODUCTS_DIR; };
		AA7F642928F164C200683286 /* YaneuraOuiOSApp.swift */ = {isa = PBXFileReference; lastKnownFileType = sourcecode.swift; path = YaneuraOuiOSApp.swift; sourceTree = "<group>"; };
		AA7F642B28F164C200683286 /* ContentView.swift */ = {isa = PBXFileReference; lastKnownFileType = sourcecode.swift; path = ContentView.swift; sourceTree = "<group>"; };
		AA7F642D28F164C700683286 /* Assets.xcassets */ = {isa = PBXFileReference; lastKnownFileType = folder.assetcatalog; path = Assets.xcassets; sourceTree = "<group>"; };
		AA7F643028F164C700683286 /* Preview Assets.xcassets */ = {isa = PBXFileReference; lastKnownFileType = folder.assetcatalog; path = "Preview Assets.xcassets"; sourceTree = "<group>"; };
		AA7F643B28F16EE100683286 /* libc++.tbd */ = {isa = PBXFileReference; lastKnownFileType = "sourcecode.text-based-dylib-definition"; name = "libc++.tbd"; path = "usr/lib/libc++.tbd"; sourceTree = SDKROOT; };
/* End PBXFileReference section */

/* Begin PBXFrameworksBuildPhase section */
		AA7F642328F164C200683286 /* Frameworks */ = {
			isa = PBXFrameworksBuildPhase;
			buildActionMask = 2147483647;
			files = (
				AA7F643C28F16EE100683286 /* libc++.tbd in Frameworks */,
				93A1B5232D22697400543F89 /* YaneuraOuiOSSPM in Frameworks */,
				93A1B5282D226E2000543F89 /* YaneuraOuiOSSPM in Frameworks */,
				93A1B52E2D22738C00543F89 /* YaneuraOuiOSSPM in Frameworks */,
				93A1B5312D22743B00543F89 /* YaneuraOuiOSSPM in Frameworks */,
				93A1B5362D22834C00543F89 /* YaneuraOuiOSSPM in Frameworks */,
			);
			runOnlyForDeploymentPostprocessing = 0;
		};
/* End PBXFrameworksBuildPhase section */

/* Begin PBXGroup section */
		AA7F641D28F164C100683286 = {
			isa = PBXGroup;
			children = (
				AA7F642828F164C200683286 /* YaneuraOuiOS */,
				AA7F642728F164C200683286 /* Products */,
				AA7F643A28F16EE100683286 /* Frameworks */,
			);
			sourceTree = "<group>";
		};
		AA7F642728F164C200683286 /* Products */ = {
			isa = PBXGroup;
			children = (
				AA7F642628F164C200683286 /* YaneuraOuiOS.app */,
			);
			name = Products;
			sourceTree = "<group>";
		};
		AA7F642828F164C200683286 /* YaneuraOuiOS */ = {
			isa = PBXGroup;
			children = (
				93A1B5322D227D9C00543F89 /* nn.bin */,
				93A1B5242D2269BD00543F89 /* EngineCommunicator.swift */,
				AA7F642928F164C200683286 /* YaneuraOuiOSApp.swift */,
				AA7F642B28F164C200683286 /* ContentView.swift */,
				AA7F642D28F164C700683286 /* Assets.xcassets */,
				AA7F642F28F164C700683286 /* Preview Content */,
			);
			path = YaneuraOuiOS;
			sourceTree = "<group>";
		};
		AA7F642F28F164C700683286 /* Preview Content */ = {
			isa = PBXGroup;
			children = (
				AA7F643028F164C700683286 /* Preview Assets.xcassets */,
			);
			path = "Preview Content";
			sourceTree = "<group>";
		};
		AA7F643A28F16EE100683286 /* Frameworks */ = {
			isa = PBXGroup;
			children = (
				AA7F643B28F16EE100683286 /* libc++.tbd */,
			);
			name = Frameworks;
			sourceTree = "<group>";
		};
/* End PBXGroup section */

/* Begin PBXNativeTarget section */
		AA7F642528F164C200683286 /* YaneuraOuiOS */ = {
			isa = PBXNativeTarget;
			buildConfigurationList = AA7F643428F164C700683286 /* Build configuration list for PBXNativeTarget "YaneuraOuiOS" */;
			buildPhases = (
				AA7F642228F164C200683286 /* Sources */,
				AA7F642328F164C200683286 /* Frameworks */,
				AA7F642428F164C200683286 /* Resources */,
			);
			buildRules = (
			);
			dependencies = (
			);
			name = YaneuraOuiOS;
			packageProductDependencies = (
				93A1B5222D22697400543F89 /* YaneuraOuiOSSPM */,
				93A1B5272D226E2000543F89 /* YaneuraOuiOSSPM */,
				93A1B52D2D22738C00543F89 /* YaneuraOuiOSSPM */,
				93A1B5302D22743B00543F89 /* YaneuraOuiOSSPM */,
				93A1B5352D22834C00543F89 /* YaneuraOuiOSSPM */,
			);
			productName = YaneuraOuiOS;
			productReference = AA7F642628F164C200683286 /* YaneuraOuiOS.app */;
			productType = "com.apple.product-type.application";
		};
/* End PBXNativeTarget section */

/* Begin PBXProject section */
		AA7F641E28F164C100683286 /* Project object */ = {
			isa = PBXProject;
			attributes = {
				BuildIndependentTargetsInParallel = 1;
				LastSwiftUpdateCheck = 1400;
				LastUpgradeCheck = 1400;
				TargetAttributes = {
					AA7F642528F164C200683286 = {
						CreatedOnToolsVersion = 14.0.1;
					};
				};
			};
			buildConfigurationList = AA7F642128F164C100683286 /* Build configuration list for PBXProject "YaneuraOuiOS" */;
			compatibilityVersion = "Xcode 14.0";
			developmentRegion = en;
			hasScannedForEncodings = 0;
			knownRegions = (
				en,
				Base,
			);
			mainGroup = AA7F641D28F164C100683286;
			packageReferences = (
				93A1B5342D22834C00543F89 /* XCRemoteSwiftPackageReference "YaneuraOuiOSSPM" */,
			);
			productRefGroup = AA7F642728F164C200683286 /* Products */;
			projectDirPath = "";
			projectRoot = "";
			targets = (
				AA7F642528F164C200683286 /* YaneuraOuiOS */,
			);
		};
/* End PBXProject section */

/* Begin PBXResourcesBuildPhase section */
		AA7F642428F164C200683286 /* Resources */ = {
			isa = PBXResourcesBuildPhase;
			buildActionMask = 2147483647;
			files = (
				93A1B5332D227D9C00543F89 /* nn.bin in Resources */,
				AA7F643128F164C700683286 /* Preview Assets.xcassets in Resources */,
				AA7F642E28F164C700683286 /* Assets.xcassets in Resources */,
			);
			runOnlyForDeploymentPostprocessing = 0;
		};
/* End PBXResourcesBuildPhase section */

/* Begin PBXSourcesBuildPhase section */
		AA7F642228F164C200683286 /* Sources */ = {
			isa = PBXSourcesBuildPhase;
			buildActionMask = 2147483647;
			files = (
				AA7F642C28F164C200683286 /* ContentView.swift in Sources */,
				93A1B5252D2269C300543F89 /* EngineCommunicator.swift in Sources */,
				AA7F642A28F164C200683286 /* YaneuraOuiOSApp.swift in Sources */,
			);
			runOnlyForDeploymentPostprocessing = 0;
		};
/* End PBXSourcesBuildPhase section */

/* Begin XCBuildConfiguration section */
		AA7F643228F164C700683286 /* Debug */ = {
			isa = XCBuildConfiguration;
			buildSettings = {
				ALWAYS_SEARCH_USER_PATHS = NO;
				CLANG_ANALYZER_NONNULL = YES;
				CLANG_ANALYZER_NUMBER_OBJECT_CONVERSION = YES_AGGRESSIVE;
				CLANG_CXX_LANGUAGE_STANDARD = "gnu++20";
				CLANG_ENABLE_MODULES = YES;
				CLANG_ENABLE_OBJC_ARC = YES;
				CLANG_ENABLE_OBJC_WEAK = YES;
				CLANG_WARN_BLOCK_CAPTURE_AUTORELEASING = YES;
				CLANG_WARN_BOOL_CONVERSION = YES;
				CLANG_WARN_COMMA = YES;
				CLANG_WARN_CONSTANT_CONVERSION = YES;
				CLANG_WARN_DEPRECATED_OBJC_IMPLEMENTATIONS = YES;
				CLANG_WARN_DIRECT_OBJC_ISA_USAGE = YES_ERROR;
				CLANG_WARN_DOCUMENTATION_COMMENTS = YES;
				CLANG_WARN_EMPTY_BODY = YES;
				CLANG_WARN_ENUM_CONVERSION = YES;
				CLANG_WARN_INFINITE_RECURSION = YES;
				CLANG_WARN_INT_CONVERSION = YES;
				CLANG_WARN_NON_LITERAL_NULL_CONVERSION = YES;
				CLANG_WARN_OBJC_IMPLICIT_RETAIN_SELF = YES;
				CLANG_WARN_OBJC_LITERAL_CONVERSION = YES;
				CLANG_WARN_OBJC_ROOT_CLASS = YES_ERROR;
				CLANG_WARN_QUOTED_INCLUDE_IN_FRAMEWORK_HEADER = YES;
				CLANG_WARN_RANGE_LOOP_ANALYSIS = YES;
				CLANG_WARN_STRICT_PROTOTYPES = YES;
				CLANG_WARN_SUSPICIOUS_MOVE = YES;
				CLANG_WARN_UNGUARDED_AVAILABILITY = YES_AGGRESSIVE;
				CLANG_WARN_UNREACHABLE_CODE = YES;
				CLANG_WARN__DUPLICATE_METHOD_MATCH = YES;
				COPY_PHASE_STRIP = NO;
				DEBUG_INFORMATION_FORMAT = dwarf;
				ENABLE_STRICT_OBJC_MSGSEND = YES;
				ENABLE_TESTABILITY = YES;
				GCC_C_LANGUAGE_STANDARD = gnu11;
				GCC_DYNAMIC_NO_PIC = NO;
				GCC_NO_COMMON_BLOCKS = YES;
				GCC_OPTIMIZATION_LEVEL = 0;
				GCC_PREPROCESSOR_DEFINITIONS = (
					"DEBUG=1",
					"$(inherited)",
				);
				GCC_WARN_64_TO_32_BIT_CONVERSION = YES;
				GCC_WARN_ABOUT_RETURN_TYPE = YES_ERROR;
				GCC_WARN_UNDECLARED_SELECTOR = YES;
				GCC_WARN_UNINITIALIZED_AUTOS = YES_AGGRESSIVE;
				GCC_WARN_UNUSED_FUNCTION = YES;
				GCC_WARN_UNUSED_VARIABLE = YES;
				IPHONEOS_DEPLOYMENT_TARGET = 16.0;
				MTL_ENABLE_DEBUG_INFO = INCLUDE_SOURCE;
				MTL_FAST_MATH = YES;
				ONLY_ACTIVE_ARCH = YES;
				SDKROOT = iphoneos;
				SWIFT_ACTIVE_COMPILATION_CONDITIONS = DEBUG;
				SWIFT_OPTIMIZATION_LEVEL = "-Onone";
			};
			name = Debug;
		};
		AA7F643328F164C700683286 /* Release */ = {
			isa = XCBuildConfiguration;
			buildSettings = {
				ALWAYS_SEARCH_USER_PATHS = NO;
				CLANG_ANALYZER_NONNULL = YES;
				CLANG_ANALYZER_NUMBER_OBJECT_CONVERSION = YES_AGGRESSIVE;
				CLANG_CXX_LANGUAGE_STANDARD = "gnu++20";
				CLANG_ENABLE_MODULES = YES;
				CLANG_ENABLE_OBJC_ARC = YES;
				CLANG_ENABLE_OBJC_WEAK = YES;
				CLANG_WARN_BLOCK_CAPTURE_AUTORELEASING = YES;
				CLANG_WARN_BOOL_CONVERSION = YES;
				CLANG_WARN_COMMA = YES;
				CLANG_WARN_CONSTANT_CONVERSION = YES;
				CLANG_WARN_DEPRECATED_OBJC_IMPLEMENTATIONS = YES;
				CLANG_WARN_DIRECT_OBJC_ISA_USAGE = YES_ERROR;
				CLANG_WARN_DOCUMENTATION_COMMENTS = YES;
				CLANG_WARN_EMPTY_BODY = YES;
				CLANG_WARN_ENUM_CONVERSION = YES;
				CLANG_WARN_INFINITE_RECURSION = YES;
				CLANG_WARN_INT_CONVERSION = YES;
				CLANG_WARN_NON_LITERAL_NULL_CONVERSION = YES;
				CLANG_WARN_OBJC_IMPLICIT_RETAIN_SELF = YES;
				CLANG_WARN_OBJC_LITERAL_CONVERSION = YES;
				CLANG_WARN_OBJC_ROOT_CLASS = YES_ERROR;
				CLANG_WARN_QUOTED_INCLUDE_IN_FRAMEWORK_HEADER = YES;
				CLANG_WARN_RANGE_LOOP_ANALYSIS = YES;
				CLANG_WARN_STRICT_PROTOTYPES = YES;
				CLANG_WARN_SUSPICIOUS_MOVE = YES;
				CLANG_WARN_UNGUARDED_AVAILABILITY = YES_AGGRESSIVE;
				CLANG_WARN_UNREACHABLE_CODE = YES;
				CLANG_WARN__DUPLICATE_METHOD_MATCH = YES;
				COPY_PHASE_STRIP = NO;
				DEBUG_INFORMATION_FORMAT = "dwarf-with-dsym";
				ENABLE_NS_ASSERTIONS = NO;
				ENABLE_STRICT_OBJC_MSGSEND = YES;
				GCC_C_LANGUAGE_STANDARD = gnu11;
				GCC_NO_COMMON_BLOCKS = YES;
				GCC_WARN_64_TO_32_BIT_CONVERSION = YES;
				GCC_WARN_ABOUT_RETURN_TYPE = YES_ERROR;
				GCC_WARN_UNDECLARED_SELECTOR = YES;
				GCC_WARN_UNINITIALIZED_AUTOS = YES_AGGRESSIVE;
				GCC_WARN_UNUSED_FUNCTION = YES;
				GCC_WARN_UNUSED_VARIABLE = YES;
				IPHONEOS_DEPLOYMENT_TARGET = 16.0;
				MTL_ENABLE_DEBUG_INFO = NO;
				MTL_FAST_MATH = YES;
				SDKROOT = iphoneos;
				SWIFT_COMPILATION_MODE = wholemodule;
				SWIFT_OPTIMIZATION_LEVEL = "-O";
				VALIDATE_PRODUCT = YES;
			};
			name = Release;
		};
		AA7F643528F164C700683286 /* Debug */ = {
			isa = XCBuildConfiguration;
			buildSettings = {
				ASSETCATALOG_COMPILER_APPICON_NAME = AppIcon;
				ASSETCATALOG_COMPILER_GLOBAL_ACCENT_COLOR_NAME = AccentColor;
				CODE_SIGN_STYLE = Automatic;
				CURRENT_PROJECT_VERSION = 1;
				DEVELOPMENT_ASSET_PATHS = "\"YaneuraOuiOS/Preview Content\"";
				DEVELOPMENT_TEAM = YTJ7CZ9M7W;
				ENABLE_PREVIEWS = YES;
				GENERATE_INFOPLIST_FILE = YES;
				INFOPLIST_KEY_UIApplicationSceneManifest_Generation = YES;
				INFOPLIST_KEY_UIApplicationSupportsIndirectInputEvents = YES;
				INFOPLIST_KEY_UILaunchScreen_Generation = YES;
				INFOPLIST_KEY_UISupportedInterfaceOrientations_iPad = "UIInterfaceOrientationPortrait UIInterfaceOrientationPortraitUpsideDown UIInterfaceOrientationLandscapeLeft UIInterfaceOrientationLandscapeRight";
				INFOPLIST_KEY_UISupportedInterfaceOrientations_iPhone = "UIInterfaceOrientationPortrait UIInterfaceOrientationLandscapeLeft UIInterfaceOrientationLandscapeRight";
				IPHONEOS_DEPLOYMENT_TARGET = 15.0;
				LD_RUNPATH_SEARCH_PATHS = (
					"$(inherited)",
					"@executable_path/Frameworks",
				);
				MARKETING_VERSION = 1.0;
				PRODUCT_BUNDLE_IDENTIFIER = "jp.outlook.kk-no.YaneuraOuiOS";
				PRODUCT_NAME = "$(TARGET_NAME)";
				SWIFT_EMIT_LOC_STRINGS = YES;
				SWIFT_VERSION = 5.0;
				TARGETED_DEVICE_FAMILY = "1,2";
			};
			name = Debug;
		};
		AA7F643628F164C700683286 /* Release */ = {
			isa = XCBuildConfiguration;
			buildSettings = {
				ASSETCATALOG_COMPILER_APPICON_NAME = AppIcon;
				ASSETCATALOG_COMPILER_GLOBAL_ACCENT_COLOR_NAME = AccentColor;
				CODE_SIGN_STYLE = Automatic;
				CURRENT_PROJECT_VERSION = 1;
				DEVELOPMENT_ASSET_PATHS = "\"YaneuraOuiOS/Preview Content\"";
				DEVELOPMENT_TEAM = YTJ7CZ9M7W;
				ENABLE_PREVIEWS = YES;
				GENERATE_INFOPLIST_FILE = YES;
				INFOPLIST_KEY_UIApplicationSceneManifest_Generation = YES;
				INFOPLIST_KEY_UIApplicationSupportsIndirectInputEvents = YES;
				INFOPLIST_KEY_UILaunchScreen_Generation = YES;
				INFOPLIST_KEY_UISupportedInterfaceOrientations_iPad = "UIInterfaceOrientationPortrait UIInterfaceOrientationPortraitUpsideDown UIInterfaceOrientationLandscapeLeft UIInterfaceOrientationLandscapeRight";
				INFOPLIST_KEY_UISupportedInterfaceOrientations_iPhone = "UIInterfaceOrientationPortrait UIInterfaceOrientationLandscapeLeft UIInterfaceOrientationLandscapeRight";
				IPHONEOS_DEPLOYMENT_TARGET = 15.0;
				LD_RUNPATH_SEARCH_PATHS = (
					"$(inherited)",
					"@executable_path/Frameworks",
				);
				MARKETING_VERSION = 1.0;
				PRODUCT_BUNDLE_IDENTIFIER = "jp.outlook.kk-no.YaneuraOuiOS";
				PRODUCT_NAME = "$(TARGET_NAME)";
				SWIFT_EMIT_LOC_STRINGS = YES;
				SWIFT_VERSION = 5.0;
				TARGETED_DEVICE_FAMILY = "1,2";
			};
			name = Release;
		};
/* End XCBuildConfiguration section */

/* Begin XCConfigurationList section */
		AA7F642128F164C100683286 /* Build configuration list for PBXProject "YaneuraOuiOS" */ = {
			isa = XCConfigurationList;
			buildConfigurations = (
				AA7F643228F164C700683286 /* Debug */,
				AA7F643328F164C700683286 /* Release */,
			);
			defaultConfigurationIsVisible = 0;
			defaultConfigurationName = Release;
		};
		AA7F643428F164C700683286 /* Build configuration list for PBXNativeTarget "YaneuraOuiOS" */ = {
			isa = XCConfigurationList;
			buildConfigurations = (
				AA7F643528F164C700683286 /* Debug */,
				AA7F643628F164C700683286 /* Release */,
			);
			defaultConfigurationIsVisible = 0;
			defaultConfigurationName = Release;
		};
/* End XCConfigurationList section */

/* Begin XCRemoteSwiftPackageReference section */
		93A1B5342D22834C00543F89 /* XCRemoteSwiftPackageReference "YaneuraOuiOSSPM" */ = {
			isa = XCRemoteSwiftPackageReference;
			repositoryURL = "https://github.com/kk-no/YaneuraOuiOSSPM";
			requirement = {
				kind = upToNextMajorVersion;
				minimumVersion = 0.0.2;
			};
		};
/* End XCRemoteSwiftPackageReference section */

/* Begin XCSwiftPackageProductDependency section */
		93A1B5222D22697400543F89 /* YaneuraOuiOSSPM */ = {
			isa = XCSwiftPackageProductDependency;
			productName = YaneuraOuiOSSPM;
		};
		93A1B5272D226E2000543F89 /* YaneuraOuiOSSPM */ = {
			isa = XCSwiftPackageProductDependency;
			productName = YaneuraOuiOSSPM;
		};
		93A1B52D2D22738C00543F89 /* YaneuraOuiOSSPM */ = {
			isa = XCSwiftPackageProductDependency;
			productName = YaneuraOuiOSSPM;
		};
		93A1B5302D22743B00543F89 /* YaneuraOuiOSSPM */ = {
			isa = XCSwiftPackageProductDependency;
			productName = YaneuraOuiOSSPM;
		};
		93A1B5352D22834C00543F89 /* YaneuraOuiOSSPM */ = {
			isa = XCSwiftPackageProductDependency;
			package = 93A1B5342D22834C00543F89 /* XCRemoteSwiftPackageReference "YaneuraOuiOSSPM" */;
			productName = YaneuraOuiOSSPM;
		};
/* End XCSwiftPackageProductDependency section */
	};
	rootObject = AA7F641E28F164C100683286 /* Project object */;
}
